
Microsoft Visual Studio Solution File, Format Version 12.00
# Visual Studio 2013
VisualStudioVersion = 12.0.21005.1
MinimumVisualStudioVersion = 10.0.40219.1
Project("{8BC9CEB8-8B4A-11D0-8D11-00A0C91BC942}") = "UMM", "UMM\UMM.vcxproj", "{ED15F0BF-371C-4C38-B17C-43C10F69C378}"
EndProject
Project("{8BC9CEB8-8B4A-11D0-8D11-00A0C91BC942}") = "UMMTest", "UMMTest\UMMTest.vcxproj", "{E1A52F4E-4761-4699-8B47-3B06F7C1DF74}"
EndProject
Project("{8BC9CEB8-8B4A-11D0-8D11-00A0C91BC942}") = "MemoryAnalyseTool", "MemoryAnalyseTool\MemoryAnalyseTool.vcxproj", "{386FD123-5B67-4E2A-BFA9-22707A6751EF}"
EndProject
Global
	GlobalSection(SolutionConfigurationPlatforms) = preSolution
		Debug|Win32 = Debug|Win32
		Release|Win32 = Release|Win32
	EndGlobalSection
	GlobalSection(ProjectConfigurationPlatforms) = postSolution
		{ED15F0BF-371C-4C38-B17C-43C10F69C378}.Debug|Win32.ActiveCfg = Debug|Win32
		{ED15F0BF-371C-4C38-B17C-43C10F69C378}.Debug|Win32.Build.0 = Debug|Win32
		{ED15F0BF-371C-4C38-B17C-43C10F69C378}.Release|Win32.ActiveCfg = Release|Win32
		{ED15F0BF-371C-4C38-B17C-43C10F69C378}.Release|Win32.Build.0 = Release|Win32
		{E1A52F4E-4761-4699-8B47-3B06F7C1DF74}.Debug|Win32.ActiveCfg = Debug|Win32
		{E1A52F4E-4761-4699-8B47-3B06F7C1DF74}.Debug|Win32.Build.0 = Debug|Win32
		{E1A52F4E-4761-4699-8B47-3B06F7C1DF74}.Release|Win32.ActiveCfg = Release|Win32
		{E1A52F4E-4761-4699-8B47-3B06F7C1DF74}.Release|Win32.Build.0 = Release|Win32
		{386FD123-5B67-4E2A-BFA9-22707A6751EF}.Debug|Win32.ActiveCfg = Debug|Win32
		{386FD123-5B67-4E2A-BFA9-22707A6751EF}.Debug|Win32.Build.0 = Debug|Win32
		{386FD123-5B67-4E2A-BFA9-22707A6751EF}.Release|Win32.ActiveCfg = Release|Win32
		{386FD123-5B67-4E2A-BFA9-22707A6751EF}.Release|Win32.Build.0 = Release|Win32
	EndGlobalSection
	GlobalSection(SolutionProperties) = preSolution
		HideSolutionNode = FALSE
	EndGlobalSection
EndGlobal
